
Microsoft Visual Studio Solution File, Format Version 12.00
# Visual Studio Version 17
VisualStudioVersion = 17.14.36327.8
MinimumVisualStudioVersion = 10.0.40219.1
Project("{FAE04EC0-301F-11D3-BF4B-00C04F79EFBC}") = "FastFibCode", "FastFibCode\FastFibCode.csproj", "{44FD5149-C7E1-4394-8B87-5859D15B48A9}"
EndProject
Project("{FAE04EC0-301F-11D3-BF4B-00C04F79EFBC}") = "FastFibCode.Tests", "FastFibCode.Tests\FastFibCode.Tests.csproj", "{CC33B2A1-32A5-402E-AB5A-062F7037BC51}"
EndProject
Project("{FAE04EC0-301F-11D3-BF4B-00C04F79EFBC}") = "FastFibCode.Benchmark", "FastFibCode.Benchmark\FastFibCode.Benchmark.csproj", "{858E1E16-527B-4B3B-B11B-199CC3B07561}"
EndProject
Global
	GlobalSection(SolutionConfigurationPlatforms) = preSolution
		Debug|Any CPU = Debug|Any CPU
		Release|Any CPU = Release|Any CPU
	EndGlobalSection
	GlobalSection(ProjectConfigurationPlatforms) = postSolution
		{44FD5149-C7E1-4394-8B87-5859D15B48A9}.Debug|Any CPU.ActiveCfg = Debug|Any CPU
		{44FD5149-C7E1-4394-8B87-5859D15B48A9}.Debug|Any CPU.Build.0 = Debug|Any CPU
		{44FD5149-C7E1-4394-8B87-5859D15B48A9}.Release|Any CPU.ActiveCfg = Release|Any CPU
		{44FD5149-C7E1-4394-8B87-5859D15B48A9}.Release|Any CPU.Build.0 = Release|Any CPU
		{CC33B2A1-32A5-402E-AB5A-062F7037BC51}.Debug|Any CPU.ActiveCfg = Debug|Any CPU
		{CC33B2A1-32A5-402E-AB5A-062F7037BC51}.Debug|Any CPU.Build.0 = Debug|Any CPU
		{CC33B2A1-32A5-402E-AB5A-062F7037BC51}.Release|Any CPU.ActiveCfg = Release|Any CPU
		{CC33B2A1-32A5-402E-AB5A-062F7037BC51}.Release|Any CPU.Build.0 = Release|Any CPU
		{858E1E16-527B-4B3B-B11B-199CC3B07561}.Debug|Any CPU.ActiveCfg = Debug|Any CPU
		{858E1E16-527B-4B3B-B11B-199CC3B07561}.Debug|Any CPU.Build.0 = Debug|Any CPU
		{858E1E16-527B-4B3B-B11B-199CC3B07561}.Release|Any CPU.ActiveCfg = Release|Any CPU
		{858E1E16-527B-4B3B-B11B-199CC3B07561}.Release|Any CPU.Build.0 = Release|Any CPU
	EndGlobalSection
	GlobalSection(SolutionProperties) = preSolution
		HideSolutionNode = FALSE
	EndGlobalSection
	GlobalSection(ExtensibilityGlobals) = postSolution
		SolutionGuid = {D5FE98F7-3208-42E5-9EAE-176F204DE7C0}
	EndGlobalSection
EndGlobal
